
Microsoft Visual Studio Solution File, Format Version 12.00
# Visual Studio Version 17
VisualStudioVersion = 17.8.34330.188
MinimumVisualStudioVersion = 10.0.40219.1
Project("{FAE04EC0-301F-11D3-BF4B-00C04F79EFBC}") = "Estructura", "Estructura\Estructura.csproj", "{9F215395-3186-43E0-B68D-BB7F1A015051}"
EndProject
Global
	GlobalSection(SolutionConfigurationPlatforms) = preSolution
		Debug|Any CPU = Debug|Any CPU
		Release|Any CPU = Release|Any CPU
	EndGlobalSection
	GlobalSection(ProjectConfigurationPlatforms) = postSolution
		{9F215395-3186-43E0-B68D-BB7F1A015051}.Debug|Any CPU.ActiveCfg = Debug|Any CPU
		{9F215395-3186-43E0-B68D-BB7F1A015051}.Debug|Any CPU.Build.0 = Debug|Any CPU
		{9F215395-3186-43E0-B68D-BB7F1A015051}.Release|Any CPU.ActiveCfg = Release|Any CPU
		{9F215395-3186-43E0-B68D-BB7F1A015051}.Release|Any CPU.Build.0 = Release|Any CPU
	EndGlobalSection
	GlobalSection(SolutionProperties) = preSolution
		HideSolutionNode = FALSE
	EndGlobalSection
	GlobalSection(ExtensibilityGlobals) = postSolution
		SolutionGuid = {74502A9D-5D05-4954-B505-12F252A8235D}
	EndGlobalSection
EndGlobal
